
Microsoft Visual Studio Solution File, Format Version 12.00
# Visual Studio Version 17
VisualStudioVersion = 17.0.31903.59
MinimumVisualStudioVersion = 10.0.40219.1
Project("{FAE04EC0-301F-11D3-BF4B-00C04F79EFBC}") = "QT1", "QT1\QT1.csproj", "{E3993805-B347-42BA-B2EC-65A7252AA2B0}"
EndProject
Project("{FAE04EC0-301F-11D3-BF4B-00C04F79EFBC}") = "QT2", "QT2\QT2.csproj", "{4DBDC05D-CCF8-4074-A9FF-F316848ED3CD}"
EndProject
Project("{FAE04EC0-301F-11D3-BF4B-00C04F79EFBC}") = "QT3", "QT3\QT3.csproj", "{7E4FC982-A41E-46F5-85FA-1E3DADF5AE30}"
EndProject
Project("{FAE04EC0-301F-11D3-BF4B-00C04F79EFBC}") = "QT4", "QT4\QT4.csproj", "{BD536605-3FC3-4A68-A4FF-C18372AFB514}"
EndProject
Project("{FAE04EC0-301F-11D3-BF4B-00C04F79EFBC}") = "QT5", "QT5\QT5.csproj", "{77B0FEA7-44A0-4568-9257-3FC9C61DD215}"
EndProject
Global
	GlobalSection(SolutionConfigurationPlatforms) = preSolution
		Debug|Any CPU = Debug|Any CPU
		Release|Any CPU = Release|Any CPU
	EndGlobalSection
	GlobalSection(SolutionProperties) = preSolution
		HideSolutionNode = FALSE
	EndGlobalSection
	GlobalSection(ProjectConfigurationPlatforms) = postSolution
		{E3993805-B347-42BA-B2EC-65A7252AA2B0}.Debug|Any CPU.ActiveCfg = Debug|Any CPU
		{E3993805-B347-42BA-B2EC-65A7252AA2B0}.Debug|Any CPU.Build.0 = Debug|Any CPU
		{E3993805-B347-42BA-B2EC-65A7252AA2B0}.Release|Any CPU.ActiveCfg = Release|Any CPU
		{E3993805-B347-42BA-B2EC-65A7252AA2B0}.Release|Any CPU.Build.0 = Release|Any CPU
		{4DBDC05D-CCF8-4074-A9FF-F316848ED3CD}.Debug|Any CPU.ActiveCfg = Debug|Any CPU
		{4DBDC05D-CCF8-4074-A9FF-F316848ED3CD}.Debug|Any CPU.Build.0 = Debug|Any CPU
		{4DBDC05D-CCF8-4074-A9FF-F316848ED3CD}.Release|Any CPU.ActiveCfg = Release|Any CPU
		{4DBDC05D-CCF8-4074-A9FF-F316848ED3CD}.Release|Any CPU.Build.0 = Release|Any CPU
		{7E4FC982-A41E-46F5-85FA-1E3DADF5AE30}.Debug|Any CPU.ActiveCfg = Debug|Any CPU
		{7E4FC982-A41E-46F5-85FA-1E3DADF5AE30}.Debug|Any CPU.Build.0 = Debug|Any CPU
		{7E4FC982-A41E-46F5-85FA-1E3DADF5AE30}.Release|Any CPU.ActiveCfg = Release|Any CPU
		{7E4FC982-A41E-46F5-85FA-1E3DADF5AE30}.Release|Any CPU.Build.0 = Release|Any CPU
		{BD536605-3FC3-4A68-A4FF-C18372AFB514}.Debug|Any CPU.ActiveCfg = Debug|Any CPU
		{BD536605-3FC3-4A68-A4FF-C18372AFB514}.Debug|Any CPU.Build.0 = Debug|Any CPU
		{BD536605-3FC3-4A68-A4FF-C18372AFB514}.Release|Any CPU.ActiveCfg = Release|Any CPU
		{BD536605-3FC3-4A68-A4FF-C18372AFB514}.Release|Any CPU.Build.0 = Release|Any CPU
		{77B0FEA7-44A0-4568-9257-3FC9C61DD215}.Debug|Any CPU.ActiveCfg = Debug|Any CPU
		{77B0FEA7-44A0-4568-9257-3FC9C61DD215}.Debug|Any CPU.Build.0 = Debug|Any CPU
		{77B0FEA7-44A0-4568-9257-3FC9C61DD215}.Release|Any CPU.ActiveCfg = Release|Any CPU
		{77B0FEA7-44A0-4568-9257-3FC9C61DD215}.Release|Any CPU.Build.0 = Release|Any CPU
	EndGlobalSection
EndGlobal
